
Microsoft Visual Studio Solution File, Format Version 12.00
# Visual Studio Version 16
VisualStudioVersion = 16.0.31729.503
MinimumVisualStudioVersion = 10.0.40219.1
Project("{9A19103F-16F7-4668-BE54-9A1E7A4F7556}") = "Task 4.1.1", "Task 4.1.1\Task 4.1.1.csproj", "{539DAE9D-DF1A-4D4A-93D0-7AABF7365443}"
EndProject
Project("{FAE04EC0-301F-11D3-BF4B-00C04F79EFBC}") = "FileManagerClassLibrary", "FileManagerClassLibrary\FileManagerClassLibrary.csproj", "{D67BA51F-3EBF-47F9-87CC-979E3DCCCBFF}"
EndProject
Global
	GlobalSection(SolutionConfigurationPlatforms) = preSolution
		Debug|Any CPU = Debug|Any CPU
		Release|Any CPU = Release|Any CPU
	EndGlobalSection
	GlobalSection(ProjectConfigurationPlatforms) = postSolution
		{539DAE9D-DF1A-4D4A-93D0-7AABF7365443}.Debug|Any CPU.ActiveCfg = Debug|Any CPU
		{539DAE9D-DF1A-4D4A-93D0-7AABF7365443}.Debug|Any CPU.Build.0 = Debug|Any CPU
		{539DAE9D-DF1A-4D4A-93D0-7AABF7365443}.Release|Any CPU.ActiveCfg = Release|Any CPU
		{539DAE9D-DF1A-4D4A-93D0-7AABF7365443}.Release|Any CPU.Build.0 = Release|Any CPU
		{D67BA51F-3EBF-47F9-87CC-979E3DCCCBFF}.Debug|Any CPU.ActiveCfg = Debug|Any CPU
		{D67BA51F-3EBF-47F9-87CC-979E3DCCCBFF}.Debug|Any CPU.Build.0 = Debug|Any CPU
		{D67BA51F-3EBF-47F9-87CC-979E3DCCCBFF}.Release|Any CPU.ActiveCfg = Release|Any CPU
		{D67BA51F-3EBF-47F9-87CC-979E3DCCCBFF}.Release|Any CPU.Build.0 = Release|Any CPU
	EndGlobalSection
	GlobalSection(SolutionProperties) = preSolution
		HideSolutionNode = FALSE
	EndGlobalSection
	GlobalSection(ExtensibilityGlobals) = postSolution
		SolutionGuid = {5ABCF664-82B1-49D8-A993-19D619F1C40D}
	EndGlobalSection
EndGlobal
